
Microsoft Visual Studio Solution File, Format Version 12.00
# Visual Studio Version 16
VisualStudioVersion = 16.0.30320.27
MinimumVisualStudioVersion = 10.0.40219.1
Project("{FAE04EC0-301F-11D3-BF4B-00C04F79EFBC}") = "Labhouse", "Labhouse.csproj", "{9EF381A3-A221-42D4-94F5-5A5D556539E2}"
EndProject
Project("{FAE04EC0-301F-11D3-BF4B-00C04F79EFBC}") = "Labhouse.Tests", "..\Labhouse.Tests\Labhouse.Tests.csproj", "{B586EC39-DBB9-4C9B-91DA-9850EB207EB8}"
EndProject
Global
	GlobalSection(SolutionConfigurationPlatforms) = preSolution
		Debug|Any CPU = Debug|Any CPU
		Release|Any CPU = Release|Any CPU
	EndGlobalSection
	GlobalSection(ProjectConfigurationPlatforms) = postSolution
		{9EF381A3-A221-42D4-94F5-5A5D556539E2}.Debug|Any CPU.ActiveCfg = Debug|Any CPU
		{9EF381A3-A221-42D4-94F5-5A5D556539E2}.Debug|Any CPU.Build.0 = Debug|Any CPU
		{9EF381A3-A221-42D4-94F5-5A5D556539E2}.Release|Any CPU.ActiveCfg = Release|Any CPU
		{9EF381A3-A221-42D4-94F5-5A5D556539E2}.Release|Any CPU.Build.0 = Release|Any CPU
		{B586EC39-DBB9-4C9B-91DA-9850EB207EB8}.Debug|Any CPU.ActiveCfg = Debug|Any CPU
		{B586EC39-DBB9-4C9B-91DA-9850EB207EB8}.Debug|Any CPU.Build.0 = Debug|Any CPU
		{B586EC39-DBB9-4C9B-91DA-9850EB207EB8}.Release|Any CPU.ActiveCfg = Release|Any CPU
		{B586EC39-DBB9-4C9B-91DA-9850EB207EB8}.Release|Any CPU.Build.0 = Release|Any CPU
	EndGlobalSection
	GlobalSection(SolutionProperties) = preSolution
		HideSolutionNode = FALSE
	EndGlobalSection
	GlobalSection(ExtensibilityGlobals) = postSolution
		SolutionGuid = {B1F535A9-1F3C-4AB2-AC50-39F119D05E81}
	EndGlobalSection
EndGlobal
